// !$*UTF8*$!
{
	archiveVersion = 1;
	classes = {
	};
	objectVersion = 56;
	objects = {

/* Begin PBXBuildFile section */
		CD0487D52BD504C600FCEA42 /* HW2___StorageApp.swift in Sources */ = {isa = PBXBuildFile; fileRef = CD0487D42BD504C600FCEA42 /* HW2___StorageApp.swift */; };
		CD0487D72BD504C600FCEA42 /* ContentView.swift in Sources */ = {isa = PBXBuildFile; fileRef = CD0487D62BD504C600FCEA42 /* ContentView.swift */; };
		CD0487D92BD504C600FCEA42 /* Assets.xcassets in Resources */ = {isa = PBXBuildFile; fileRef = CD0487D82BD504C600FCEA42 /* Assets.xcassets */; };
		CD0487DC2BD504C600FCEA42 /* Preview Assets.xcassets in Resources */ = {isa = PBXBuildFile; fileRef = CD0487DB2BD504C600FCEA42 /* Preview Assets.xcassets */; };
		CD0487EF2BD5055900FCEA42 /* Food.swift in Sources */ = {isa = PBXBuildFile; fileRef = CD0487EE2BD5055900FCEA42 /* Food.swift */; };
		CD0487F12BD505E000FCEA42 /* Calories.swift in Sources */ = {isa = PBXBuildFile; fileRef = CD0487F02BD505E000FCEA42 /* Calories.swift */; };
		CD0487F32BD505FA00FCEA42 /* Log.swift in Sources */ = {isa = PBXBuildFile; fileRef = CD0487F22BD505FA00FCEA42 /* Log.swift */; };
		CD0487F52BD5060E00FCEA42 /* Dashboard.swift in Sources */ = {isa = PBXBuildFile; fileRef = CD0487F42BD5060E00FCEA42 /* Dashboard.swift */; };
		CD0487F92BD5062800FCEA42 /* Plans.swift in Sources */ = {isa = PBXBuildFile; fileRef = CD0487F82BD5062800FCEA42 /* Plans.swift */; };
		CD0487FB2BD5063400FCEA42 /* Profiles.swift in Sources */ = {isa = PBXBuildFile; fileRef = CD0487FA2BD5063400FCEA42 /* Profiles.swift */; };
		CD0488142BD5DA7400FCEA42 /* JournalEntry.swift in Sources */ = {isa = PBXBuildFile; fileRef = CD0488132BD5DA7400FCEA42 /* JournalEntry.swift */; };
		CD0488162BD5E5B900FCEA42 /* UpdateJournalEntry.swift in Sources */ = {isa = PBXBuildFile; fileRef = CD0488152BD5E5B900FCEA42 /* UpdateJournalEntry.swift */; };
		CD0488202BDCB53900FCEA42 /* FoodItem.swift in Sources */ = {isa = PBXBuildFile; fileRef = CD04881F2BDCB53900FCEA42 /* FoodItem.swift */; };
		CD0488262BDDBF9D00FCEA42 /* ExerciseLog.swift in Sources */ = {isa = PBXBuildFile; fileRef = CD0488252BDDBF9D00FCEA42 /* ExerciseLog.swift */; };
		CD0488292BDDC11600FCEA42 /* Exercise.swift in Sources */ = {isa = PBXBuildFile; fileRef = CD0488282BDDC11600FCEA42 /* Exercise.swift */; };
		CD04882B2BDDC14000FCEA42 /* UpdateExerciseJournal.swift in Sources */ = {isa = PBXBuildFile; fileRef = CD04882A2BDDC14000FCEA42 /* UpdateExerciseJournal.swift */; };
		CD04882F2BDDC15600FCEA42 /* ExerciseJournal.swift in Sources */ = {isa = PBXBuildFile; fileRef = CD04882E2BDDC15600FCEA42 /* ExerciseJournal.swift */; };
		CD0488312BDDC16100FCEA42 /* ExerciseRow.swift in Sources */ = {isa = PBXBuildFile; fileRef = CD0488302BDDC16100FCEA42 /* ExerciseRow.swift */; };
		CD0488352BDDFA7D00FCEA42 /* FoodRow.swift in Sources */ = {isa = PBXBuildFile; fileRef = CD0488342BDDFA7D00FCEA42 /* FoodRow.swift */; };
		CDE0113E2BE3439E00252E1F /* UserInfo.swift in Sources */ = {isa = PBXBuildFile; fileRef = CDE0113D2BE3439E00252E1F /* UserInfo.swift */; };
		CDE018282BF1B17900252E1F /* UserGoals.swift in Sources */ = {isa = PBXBuildFile; fileRef = CDE018272BF1B17900252E1F /* UserGoals.swift */; };
		CDE027162C0C1EF800252E1F /* HealthCard.swift in Sources */ = {isa = PBXBuildFile; fileRef = CDE027152C0C1EF800252E1F /* HealthCard.swift */; };
		CDE027182C0C219900252E1F /* HealthManager.swift in Sources */ = {isa = PBXBuildFile; fileRef = CDE027172C0C219900252E1F /* HealthManager.swift */; };
/* End PBXBuildFile section */

/* Begin PBXFileReference section */
		CD0487D12BD504C600FCEA42 /* FitnessJournal.app */ = {isa = PBXFileReference; explicitFileType = wrapper.application; includeInIndex = 0; path = FitnessJournal.app; sourceTree = BUILT_PRODUCTS_DIR; };
		CD0487D42BD504C600FCEA42 /* HW2___StorageApp.swift */ = {isa = PBXFileReference; lastKnownFileType = sourcecode.swift; path = "HW2___StorageApp.swift"; sourceTree = "<group>"; };
		CD0487D62BD504C600FCEA42 /* ContentView.swift */ = {isa = PBXFileReference; lastKnownFileType = sourcecode.swift; path = ContentView.swift; sourceTree = "<group>"; };
		CD0487D82BD504C600FCEA42 /* Assets.xcassets */ = {isa = PBXFileReference; lastKnownFileType = folder.assetcatalog; path = Assets.xcassets; sourceTree = "<group>"; };
		CD0487DB2BD504C600FCEA42 /* Preview Assets.xcassets */ = {isa = PBXFileReference; lastKnownFileType = folder.assetcatalog; path = "Preview Assets.xcassets"; sourceTree = "<group>"; };
		CD0487EE2BD5055900FCEA42 /* Food.swift */ = {isa = PBXFileReference; lastKnownFileType = sourcecode.swift; path = Food.swift; sourceTree = "<group>"; };
		CD0487F02BD505E000FCEA42 /* Calories.swift */ = {isa = PBXFileReference; lastKnownFileType = sourcecode.swift; path = Calories.swift; sourceTree = "<group>"; };
		CD0487F22BD505FA00FCEA42 /* Log.swift */ = {isa = PBXFileReference; lastKnownFileType = sourcecode.swift; path = Log.swift; sourceTree = "<group>"; };
		CD0487F42BD5060E00FCEA42 /* Dashboard.swift */ = {isa = PBXFileReference; lastKnownFileType = sourcecode.swift; path = Dashboard.swift; sourceTree = "<group>"; };
		CD0487F82BD5062800FCEA42 /* Plans.swift */ = {isa = PBXFileReference; lastKnownFileType = sourcecode.swift; path = Plans.swift; sourceTree = "<group>"; };
		CD0487FA2BD5063400FCEA42 /* Profiles.swift */ = {isa = PBXFileReference; lastKnownFileType = sourcecode.swift; path = Profiles.swift; sourceTree = "<group>"; };
		CD0488132BD5DA7400FCEA42 /* JournalEntry.swift */ = {isa = PBXFileReference; lastKnownFileType = sourcecode.swift; path = JournalEntry.swift; sourceTree = "<group>"; };
		CD0488152BD5E5B900FCEA42 /* UpdateJournalEntry.swift */ = {isa = PBXFileReference; lastKnownFileType = sourcecode.swift; path = UpdateJournalEntry.swift; sourceTree = "<group>"; };
		CD04881F2BDCB53900FCEA42 /* FoodItem.swift */ = {isa = PBXFileReference; lastKnownFileType = sourcecode.swift; path = FoodItem.swift; sourceTree = "<group>"; };
		CD0488252BDDBF9D00FCEA42 /* ExerciseLog.swift */ = {isa = PBXFileReference; lastKnownFileType = sourcecode.swift; path = ExerciseLog.swift; sourceTree = "<group>"; };
		CD0488282BDDC11600FCEA42 /* Exercise.swift */ = {isa = PBXFileReference; lastKnownFileType = sourcecode.swift; path = Exercise.swift; sourceTree = "<group>"; };
		CD04882A2BDDC14000FCEA42 /* UpdateExerciseJournal.swift */ = {isa = PBXFileReference; lastKnownFileType = sourcecode.swift; path = UpdateExerciseJournal.swift; sourceTree = "<group>"; };
		CD04882E2BDDC15600FCEA42 /* ExerciseJournal.swift */ = {isa = PBXFileReference; lastKnownFileType = sourcecode.swift; path = ExerciseJournal.swift; sourceTree = "<group>"; };
		CD0488302BDDC16100FCEA42 /* ExerciseRow.swift */ = {isa = PBXFileReference; lastKnownFileType = sourcecode.swift; path = ExerciseRow.swift; sourceTree = "<group>"; };
		CD0488342BDDFA7D00FCEA42 /* FoodRow.swift */ = {isa = PBXFileReference; lastKnownFileType = sourcecode.swift; path = FoodRow.swift; sourceTree = "<group>"; };
		CDE0113D2BE3439E00252E1F /* UserInfo.swift */ = {isa = PBXFileReference; lastKnownFileType = sourcecode.swift; path = UserInfo.swift; sourceTree = "<group>"; };
		CDE018272BF1B17900252E1F /* UserGoals.swift */ = {isa = PBXFileReference; lastKnownFileType = sourcecode.swift; path = UserGoals.swift; sourceTree = "<group>"; };
		CDE027142C0C1BF000252E1F /* HW2 - Storage.entitlements */ = {isa = PBXFileReference; lastKnownFileType = text.plist.entitlements; path = "HW2 - Storage.entitlements"; sourceTree = "<group>"; };
		CDE027152C0C1EF800252E1F /* HealthCard.swift */ = {isa = PBXFileReference; lastKnownFileType = sourcecode.swift; path = HealthCard.swift; sourceTree = "<group>"; };
		CDE027172C0C219900252E1F /* HealthManager.swift */ = {isa = PBXFileReference; lastKnownFileType = sourcecode.swift; path = HealthManager.swift; sourceTree = "<group>"; };
/* End PBXFileReference section */

/* Begin PBXFrameworksBuildPhase section */
		CD0487CE2BD504C600FCEA42 /* Frameworks */ = {
			isa = PBXFrameworksBuildPhase;
			buildActionMask = 2147483647;
			files = (
			);
			runOnlyForDeploymentPostprocessing = 0;
		};
/* End PBXFrameworksBuildPhase section */

/* Begin PBXGroup section */
		CD0487C82BD504C600FCEA42 = {
			isa = PBXGroup;
			children = (
				CD0487D32BD504C600FCEA42 /* HW2 - Storage */,
				CD0487D22BD504C600FCEA42 /* Products */,
			);
			sourceTree = "<group>";
		};
		CD0487D22BD504C600FCEA42 /* Products */ = {
			isa = PBXGroup;
			children = (
				CD0487D12BD504C600FCEA42 /* FitnessJournal.app */,
			);
			name = Products;
			sourceTree = "<group>";
		};
		CD0487D32BD504C600FCEA42 /* HW2 - Storage */ = {
			isa = PBXGroup;
			children = (
				CDE027142C0C1BF000252E1F /* HW2 - Storage.entitlements */,
				CD0487D42BD504C600FCEA42 /* HW2___StorageApp.swift */,
				CD0487D62BD504C600FCEA42 /* ContentView.swift */,
				CD0487FF2BD508F500FCEA42 /* Helper */,
				CD0487FC2BD508BB00FCEA42 /* Pages */,
				CD0488272BDDC02600FCEA42 /* Exercise */,
				CD0487FE2BD508E200FCEA42 /* Food */,
				CD0487FD2BD508C700FCEA42 /* Model */,
				CD0487D82BD504C600FCEA42 /* Assets.xcassets */,
				CD0487DA2BD504C600FCEA42 /* Preview Content */,
			);
			path = "HW2 - Storage";
			sourceTree = "<group>";
		};
		CD0487DA2BD504C600FCEA42 /* Preview Content */ = {
			isa = PBXGroup;
			children = (
				CD0487DB2BD504C600FCEA42 /* Preview Assets.xcassets */,
			);
			path = "Preview Content";
			sourceTree = "<group>";
		};
		CD0487FC2BD508BB00FCEA42 /* Pages */ = {
			isa = PBXGroup;
			children = (
				CD0487F42BD5060E00FCEA42 /* Dashboard.swift */,
				CDE027172C0C219900252E1F /* HealthManager.swift */,
				CD0487F22BD505FA00FCEA42 /* Log.swift */,
				CD0487F82BD5062800FCEA42 /* Plans.swift */,
				CD0487FA2BD5063400FCEA42 /* Profiles.swift */,
				CD0488252BDDBF9D00FCEA42 /* ExerciseLog.swift */,
			);
			path = Pages;
			sourceTree = "<group>";
		};
		CD0487FD2BD508C700FCEA42 /* Model */ = {
			isa = PBXGroup;
			children = (
				CD04881F2BDCB53900FCEA42 /* FoodItem.swift */,
				CDE018272BF1B17900252E1F /* UserGoals.swift */,
				CD0488282BDDC11600FCEA42 /* Exercise.swift */,
				CD0487EE2BD5055900FCEA42 /* Food.swift */,
				CDE0113D2BE3439E00252E1F /* UserInfo.swift */,
			);
			path = Model;
			sourceTree = "<group>";
		};
		CD0487FE2BD508E200FCEA42 /* Food */ = {
			isa = PBXGroup;
			children = (
				CD0488152BD5E5B900FCEA42 /* UpdateJournalEntry.swift */,
				CD0488342BDDFA7D00FCEA42 /* FoodRow.swift */,
				CD0488132BD5DA7400FCEA42 /* JournalEntry.swift */,
			);
			path = Food;
			sourceTree = "<group>";
		};
		CD0487FF2BD508F500FCEA42 /* Helper */ = {
			isa = PBXGroup;
			children = (
				CD0487F02BD505E000FCEA42 /* Calories.swift */,
				CDE027152C0C1EF800252E1F /* HealthCard.swift */,
			);
			path = Helper;
			sourceTree = "<group>";
		};
		CD0488272BDDC02600FCEA42 /* Exercise */ = {
			isa = PBXGroup;
			children = (
				CD04882A2BDDC14000FCEA42 /* UpdateExerciseJournal.swift */,
				CD0488302BDDC16100FCEA42 /* ExerciseRow.swift */,
				CD04882E2BDDC15600FCEA42 /* ExerciseJournal.swift */,
			);
			path = Exercise;
			sourceTree = "<group>";
		};
/* End PBXGroup section */

/* Begin PBXNativeTarget section */
		CD0487D02BD504C600FCEA42 /* HW2 - Storage */ = {
			isa = PBXNativeTarget;
			buildConfigurationList = CD0487DF2BD504C600FCEA42 /* Build configuration list for PBXNativeTarget "HW2 - Storage" */;
			buildPhases = (
				CD0487CD2BD504C600FCEA42 /* Sources */,
				CD0487CE2BD504C600FCEA42 /* Frameworks */,
				CD0487CF2BD504C600FCEA42 /* Resources */,
			);
			buildRules = (
			);
			dependencies = (
			);
			name = "HW2 - Storage";
			packageProductDependencies = (
			);
			productName = "HW2 - Storage";
			productReference = CD0487D12BD504C600FCEA42 /* FitnessJournal.app */;
			productType = "com.apple.product-type.application";
		};
/* End PBXNativeTarget section */

/* Begin PBXProject section */
		CD0487C92BD504C600FCEA42 /* Project object */ = {
			isa = PBXProject;
			attributes = {
				BuildIndependentTargetsInParallel = 1;
				LastSwiftUpdateCheck = 1510;
				LastUpgradeCheck = 1510;
				TargetAttributes = {
					CD0487D02BD504C600FCEA42 = {
						CreatedOnToolsVersion = 15.1;
					};
				};
			};
			buildConfigurationList = CD0487CC2BD504C600FCEA42 /* Build configuration list for PBXProject "HW2 - Storage" */;
			compatibilityVersion = "Xcode 14.0";
			developmentRegion = en;
			hasScannedForEncodings = 0;
			knownRegions = (
				en,
				Base,
			);
			mainGroup = CD0487C82BD504C600FCEA42;
			packageReferences = (
			);
			productRefGroup = CD0487D22BD504C600FCEA42 /* Products */;
			projectDirPath = "";
			projectRoot = "";
			targets = (
				CD0487D02BD504C600FCEA42 /* HW2 - Storage */,
			);
		};
/* End PBXProject section */

/* Begin PBXResourcesBuildPhase section */
		CD0487CF2BD504C600FCEA42 /* Resources */ = {
			isa = PBXResourcesBuildPhase;
			buildActionMask = 2147483647;
			files = (
				CD0487DC2BD504C600FCEA42 /* Preview Assets.xcassets in Resources */,
				CD0487D92BD504C600FCEA42 /* Assets.xcassets in Resources */,
			);
			runOnlyForDeploymentPostprocessing = 0;
		};
/* End PBXResourcesBuildPhase section */

/* Begin PBXSourcesBuildPhase section */
		CD0487CD2BD504C600FCEA42 /* Sources */ = {
			isa = PBXSourcesBuildPhase;
			buildActionMask = 2147483647;
			files = (
				CD0487F32BD505FA00FCEA42 /* Log.swift in Sources */,
				CD0488312BDDC16100FCEA42 /* ExerciseRow.swift in Sources */,
				CDE018282BF1B17900252E1F /* UserGoals.swift in Sources */,
				CD0488292BDDC11600FCEA42 /* Exercise.swift in Sources */,
				CDE027162C0C1EF800252E1F /* HealthCard.swift in Sources */,
				CD0487D72BD504C600FCEA42 /* ContentView.swift in Sources */,
				CD0487D52BD504C600FCEA42 /* HW2___StorageApp.swift in Sources */,
				CD0487F92BD5062800FCEA42 /* Plans.swift in Sources */,
				CD0487F12BD505E000FCEA42 /* Calories.swift in Sources */,
				CD0488262BDDBF9D00FCEA42 /* ExerciseLog.swift in Sources */,
				CD0487EF2BD5055900FCEA42 /* Food.swift in Sources */,
				CD04882B2BDDC14000FCEA42 /* UpdateExerciseJournal.swift in Sources */,
				CD0488142BD5DA7400FCEA42 /* JournalEntry.swift in Sources */,
				CD0487FB2BD5063400FCEA42 /* Profiles.swift in Sources */,
				CDE027182C0C219900252E1F /* HealthManager.swift in Sources */,
				CD0488202BDCB53900FCEA42 /* FoodItem.swift in Sources */,
				CD0488162BD5E5B900FCEA42 /* UpdateJournalEntry.swift in Sources */,
				CD0487F52BD5060E00FCEA42 /* Dashboard.swift in Sources */,
				CD0488352BDDFA7D00FCEA42 /* FoodRow.swift in Sources */,
				CDE0113E2BE3439E00252E1F /* UserInfo.swift in Sources */,
				CD04882F2BDDC15600FCEA42 /* ExerciseJournal.swift in Sources */,
			);
			runOnlyForDeploymentPostprocessing = 0;
		};
/* End PBXSourcesBuildPhase section */

/* Begin XCBuildConfiguration section */
		CD0487DD2BD504C600FCEA42 /* Debug */ = {
			isa = XCBuildConfiguration;
			buildSettings = {
				ALWAYS_SEARCH_USER_PATHS = NO;
				ASSETCATALOG_COMPILER_GENERATE_SWIFT_ASSET_SYMBOL_EXTENSIONS = YES;
				CLANG_ANALYZER_NONNULL = YES;
				CLANG_ANALYZER_NUMBER_OBJECT_CONVERSION = YES_AGGRESSIVE;
				CLANG_CXX_LANGUAGE_STANDARD = "gnu++20";
				CLANG_ENABLE_MODULES = YES;
				CLANG_ENABLE_OBJC_ARC = YES;
				CLANG_ENABLE_OBJC_WEAK = YES;
				CLANG_WARN_BLOCK_CAPTURE_AUTORELEASING = YES;
				CLANG_WARN_BOOL_CONVERSION = YES;
				CLANG_WARN_COMMA = YES;
				CLANG_WARN_CONSTANT_CONVERSION = YES;
				CLANG_WARN_DEPRECATED_OBJC_IMPLEMENTATIONS = YES;
				CLANG_WARN_DIRECT_OBJC_ISA_USAGE = YES_ERROR;
				CLANG_WARN_DOCUMENTATION_COMMENTS = YES;
				CLANG_WARN_EMPTY_BODY = YES;
				CLANG_WARN_ENUM_CONVERSION = YES;
				CLANG_WARN_INFINITE_RECURSION = YES;
				CLANG_WARN_INT_CONVERSION = YES;
				CLANG_WARN_NON_LITERAL_NULL_CONVERSION = YES;
				CLANG_WARN_OBJC_IMPLICIT_RETAIN_SELF = YES;
				CLANG_WARN_OBJC_LITERAL_CONVERSION = YES;
				CLANG_WARN_OBJC_ROOT_CLASS = YES_ERROR;
				CLANG_WARN_QUOTED_INCLUDE_IN_FRAMEWORK_HEADER = YES;
				CLANG_WARN_RANGE_LOOP_ANALYSIS = YES;
				CLANG_WARN_STRICT_PROTOTYPES = YES;
				CLANG_WARN_SUSPICIOUS_MOVE = YES;
				CLANG_WARN_UNGUARDED_AVAILABILITY = YES_AGGRESSIVE;
				CLANG_WARN_UNREACHABLE_CODE = YES;
				CLANG_WARN__DUPLICATE_METHOD_MATCH = YES;
				COPY_PHASE_STRIP = NO;
				DEBUG_INFORMATION_FORMAT = dwarf;
				ENABLE_STRICT_OBJC_MSGSEND = YES;
				ENABLE_TESTABILITY = YES;
				ENABLE_USER_SCRIPT_SANDBOXING = YES;
				GCC_C_LANGUAGE_STANDARD = gnu17;
				GCC_DYNAMIC_NO_PIC = NO;
				GCC_NO_COMMON_BLOCKS = YES;
				GCC_OPTIMIZATION_LEVEL = 0;
				GCC_PREPROCESSOR_DEFINITIONS = (
					"DEBUG=1",
					"$(inherited)",
				);
				GCC_WARN_64_TO_32_BIT_CONVERSION = YES;
				GCC_WARN_ABOUT_RETURN_TYPE = YES_ERROR;
				GCC_WARN_UNDECLARED_SELECTOR = YES;
				GCC_WARN_UNINITIALIZED_AUTOS = YES_AGGRESSIVE;
				GCC_WARN_UNUSED_FUNCTION = YES;
				GCC_WARN_UNUSED_VARIABLE = YES;
				IPHONEOS_DEPLOYMENT_TARGET = 17.2;
				LOCALIZATION_PREFERS_STRING_CATALOGS = YES;
				MTL_ENABLE_DEBUG_INFO = INCLUDE_SOURCE;
				MTL_FAST_MATH = YES;
				ONLY_ACTIVE_ARCH = YES;
				SDKROOT = iphoneos;
				SWIFT_ACTIVE_COMPILATION_CONDITIONS = "DEBUG $(inherited)";
				SWIFT_OPTIMIZATION_LEVEL = "-Onone";
			};
			name = Debug;
		};
		CD0487DE2BD504C600FCEA42 /* Release */ = {
			isa = XCBuildConfiguration;
			buildSettings = {
				ALWAYS_SEARCH_USER_PATHS = NO;
				ASSETCATALOG_COMPILER_GENERATE_SWIFT_ASSET_SYMBOL_EXTENSIONS = YES;
				CLANG_ANALYZER_NONNULL = YES;
				CLANG_ANALYZER_NUMBER_OBJECT_CONVERSION = YES_AGGRESSIVE;
				CLANG_CXX_LANGUAGE_STANDARD = "gnu++20";
				CLANG_ENABLE_MODULES = YES;
				CLANG_ENABLE_OBJC_ARC = YES;
				CLANG_ENABLE_OBJC_WEAK = YES;
				CLANG_WARN_BLOCK_CAPTURE_AUTORELEASING = YES;
				CLANG_WARN_BOOL_CONVERSION = YES;
				CLANG_WARN_COMMA = YES;
				CLANG_WARN_CONSTANT_CONVERSION = YES;
				CLANG_WARN_DEPRECATED_OBJC_IMPLEMENTATIONS = YES;
				CLANG_WARN_DIRECT_OBJC_ISA_USAGE = YES_ERROR;
				CLANG_WARN_DOCUMENTATION_COMMENTS = YES;
				CLANG_WARN_EMPTY_BODY = YES;
				CLANG_WARN_ENUM_CONVERSION = YES;
				CLANG_WARN_INFINITE_RECURSION = YES;
				CLANG_WARN_INT_CONVERSION = YES;
				CLANG_WARN_NON_LITERAL_NULL_CONVERSION = YES;
				CLANG_WARN_OBJC_IMPLICIT_RETAIN_SELF = YES;
				CLANG_WARN_OBJC_LITERAL_CONVERSION = YES;
				CLANG_WARN_OBJC_ROOT_CLASS = YES_ERROR;
				CLANG_WARN_QUOTED_INCLUDE_IN_FRAMEWORK_HEADER = YES;
				CLANG_WARN_RANGE_LOOP_ANALYSIS = YES;
				CLANG_WARN_STRICT_PROTOTYPES = YES;
				CLANG_WARN_SUSPICIOUS_MOVE = YES;
				CLANG_WARN_UNGUARDED_AVAILABILITY = YES_AGGRESSIVE;
				CLANG_WARN_UNREACHABLE_CODE = YES;
				CLANG_WARN__DUPLICATE_METHOD_MATCH = YES;
				COPY_PHASE_STRIP = NO;
				DEBUG_INFORMATION_FORMAT = "dwarf-with-dsym";
				ENABLE_NS_ASSERTIONS = NO;
				ENABLE_STRICT_OBJC_MSGSEND = YES;
				ENABLE_USER_SCRIPT_SANDBOXING = YES;
				GCC_C_LANGUAGE_STANDARD = gnu17;
				GCC_NO_COMMON_BLOCKS = YES;
				GCC_WARN_64_TO_32_BIT_CONVERSION = YES;
				GCC_WARN_ABOUT_RETURN_TYPE = YES_ERROR;
				GCC_WARN_UNDECLARED_SELECTOR = YES;
				GCC_WARN_UNINITIALIZED_AUTOS = YES_AGGRESSIVE;
				GCC_WARN_UNUSED_FUNCTION = YES;
				GCC_WARN_UNUSED_VARIABLE = YES;
				IPHONEOS_DEPLOYMENT_TARGET = 17.2;
				LOCALIZATION_PREFERS_STRING_CATALOGS = YES;
				MTL_ENABLE_DEBUG_INFO = NO;
				MTL_FAST_MATH = YES;
				SDKROOT = iphoneos;
				SWIFT_COMPILATION_MODE = wholemodule;
				VALIDATE_PRODUCT = YES;
			};
			name = Release;
		};
		CD0487E02BD504C600FCEA42 /* Debug */ = {
			isa = XCBuildConfiguration;
			buildSettings = {
				ASSETCATALOG_COMPILER_APPICON_NAME = AppIcon;
				ASSETCATALOG_COMPILER_GLOBAL_ACCENT_COLOR_NAME = AccentColor;
				CODE_SIGN_ENTITLEMENTS = "HW2 - Storage/HW2 - Storage.entitlements";
				CODE_SIGN_STYLE = Automatic;
				CURRENT_PROJECT_VERSION = 1;
				DEVELOPMENT_ASSET_PATHS = "\"HW2 - Storage/Preview Content\"";
				DEVELOPMENT_TEAM = 2597L59XWC;
				ENABLE_PREVIEWS = YES;
				GENERATE_INFOPLIST_FILE = YES;
				INFOPLIST_KEY_NSHealthShareUsageDescription = "Please allow to integrate Apple Health steps on the app";
				INFOPLIST_KEY_UIApplicationSceneManifest_Generation = YES;
				INFOPLIST_KEY_UIApplicationSupportsIndirectInputEvents = YES;
				INFOPLIST_KEY_UILaunchScreen_Generation = YES;
				INFOPLIST_KEY_UISupportedInterfaceOrientations = UIInterfaceOrientationPortrait;
				INFOPLIST_KEY_UISupportedInterfaceOrientations_iPad = "UIInterfaceOrientationLandscapeLeft UIInterfaceOrientationLandscapeRight UIInterfaceOrientationPortrait UIInterfaceOrientationPortraitUpsideDown";
				LD_RUNPATH_SEARCH_PATHS = (
					"$(inherited)",
					"@executable_path/Frameworks",
				);
				MARKETING_VERSION = 1.0;
				PRODUCT_BUNDLE_IDENTIFIER = "jcholol.HW2---Storage";
				PRODUCT_NAME = FitnessJournal;
				SWIFT_EMIT_LOC_STRINGS = YES;
				SWIFT_VERSION = 5.0;
				TARGETED_DEVICE_FAMILY = "1,2";
			};
			name = Debug;
		};
		CD0487E12BD504C600FCEA42 /* Release */ = {
			isa = XCBuildConfiguration;
			buildSettings = {
				ASSETCATALOG_COMPILER_APPICON_NAME = AppIcon;
				ASSETCATALOG_COMPILER_GLOBAL_ACCENT_COLOR_NAME = AccentColor;
				CODE_SIGN_ENTITLEMENTS = "HW2 - Storage/HW2 - Storage.entitlements";
				CODE_SIGN_STYLE = Automatic;
				CURRENT_PROJECT_VERSION = 1;
				DEVELOPMENT_ASSET_PATHS = "\"HW2 - Storage/Preview Content\"";
				DEVELOPMENT_TEAM = 2597L59XWC;
				ENABLE_PREVIEWS = YES;
				GENERATE_INFOPLIST_FILE = YES;
				INFOPLIST_KEY_NSHealthShareUsageDescription = "Please allow to integrate Apple Health steps on the app";
				INFOPLIST_KEY_UIApplicationSceneManifest_Generation = YES;
				INFOPLIST_KEY_UIApplicationSupportsIndirectInputEvents = YES;
				INFOPLIST_KEY_UILaunchScreen_Generation = YES;
				INFOPLIST_KEY_UISupportedInterfaceOrientations = UIInterfaceOrientationPortrait;
				INFOPLIST_KEY_UISupportedInterfaceOrientations_iPad = "UIInterfaceOrientationLandscapeLeft UIInterfaceOrientationLandscapeRight UIInterfaceOrientationPortrait UIInterfaceOrientationPortraitUpsideDown";
				LD_RUNPATH_SEARCH_PATHS = (
					"$(inherited)",
					"@executable_path/Frameworks",
				);
				MARKETING_VERSION = 1.0;
				PRODUCT_BUNDLE_IDENTIFIER = "jcholol.HW2---Storage";
				PRODUCT_NAME = FitnessJournal;
				SWIFT_EMIT_LOC_STRINGS = YES;
				SWIFT_VERSION = 5.0;
				TARGETED_DEVICE_FAMILY = "1,2";
			};
			name = Release;
		};
/* End XCBuildConfiguration section */

/* Begin XCConfigurationList section */
		CD0487CC2BD504C600FCEA42 /* Build configuration list for PBXProject "HW2 - Storage" */ = {
			isa = XCConfigurationList;
			buildConfigurations = (
				CD0487DD2BD504C600FCEA42 /* Debug */,
				CD0487DE2BD504C600FCEA42 /* Release */,
			);
			defaultConfigurationIsVisible = 0;
			defaultConfigurationName = Release;
		};
		CD0487DF2BD504C600FCEA42 /* Build configuration list for PBXNativeTarget "HW2 - Storage" */ = {
			isa = XCConfigurationList;
			buildConfigurations = (
				CD0487E02BD504C600FCEA42 /* Debug */,
				CD0487E12BD504C600FCEA42 /* Release */,
			);
			defaultConfigurationIsVisible = 0;
			defaultConfigurationName = Release;
		};
/* End XCConfigurationList section */
	};
	rootObject = CD0487C92BD504C600FCEA42 /* Project object */;
}
